
Microsoft Visual Studio Solution File, Format Version 12.00
# Visual Studio Version 17
VisualStudioVersion = 17.5.002.0
MinimumVisualStudioVersion = 10.0.40219.1
Project("{9A19103F-16F7-4668-BE54-9A1E7A4F7556}") = "DotNetNewApi", "DotNetNewApi.csproj", "{33C8A375-6221-4F30-BA14-6D0EAD2F338A}"
EndProject
Global
	GlobalSection(SolutionConfigurationPlatforms) = preSolution
		Debug|Any CPU = Debug|Any CPU
		Release|Any CPU = Release|Any CPU
	EndGlobalSection
	GlobalSection(ProjectConfigurationPlatforms) = postSolution
		{33C8A375-6221-4F30-BA14-6D0EAD2F338A}.Debug|Any CPU.ActiveCfg = Debug|Any CPU
		{33C8A375-6221-4F30-BA14-6D0EAD2F338A}.Debug|Any CPU.Build.0 = Debug|Any CPU
		{33C8A375-6221-4F30-BA14-6D0EAD2F338A}.Release|Any CPU.ActiveCfg = Release|Any CPU
		{33C8A375-6221-4F30-BA14-6D0EAD2F338A}.Release|Any CPU.Build.0 = Release|Any CPU
	EndGlobalSection
	GlobalSection(SolutionProperties) = preSolution
		HideSolutionNode = FALSE
	EndGlobalSection
	GlobalSection(ExtensibilityGlobals) = postSolution
		SolutionGuid = {9349220A-879C-4A98-BE01-7B3E3B3E6387}
	EndGlobalSection
EndGlobal
